
Microsoft Visual Studio Solution File, Format Version 12.00
# Visual Studio 14
VisualStudioVersion = 14.0.25420.1
MinimumVisualStudioVersion = 10.0.40219.1
Project("{FAE04EC0-301F-11D3-BF4B-00C04F79EFBC}") = "Homemade", "Homemade\Homemade.csproj", "{226F634C-F811-40D3-B9CC-5982AE3B98C8}"
EndProject
Project("{FAE04EC0-301F-11D3-BF4B-00C04F79EFBC}") = "Homemade.Tests", "Homemade.Tests\Homemade.Tests.csproj", "{85770828-53A6-46D0-880A-5E917D6922FC}"
EndProject
Project("{FAE04EC0-301F-11D3-BF4B-00C04F79EFBC}") = "Homemade.Data", "Homemade.Data\Homemade.Data.csproj", "{1242FD3C-C121-4B43-BF79-1758AEDC1702}"
EndProject
Project("{FAE04EC0-301F-11D3-BF4B-00C04F79EFBC}") = "Homemade.Models", "Homemade.Models\Homemade.Models.csproj", "{16C65953-4FCF-49BC-BCB0-C636B630CE5D}"
EndProject
Project("{FAE04EC0-301F-11D3-BF4B-00C04F79EFBC}") = "Homemade.Services", "Homemade.Services\Homemade.Services.csproj", "{E9D736EE-101A-4787-ABA7-73015A028722}"
EndProject
Project("{FAE04EC0-301F-11D3-BF4B-00C04F79EFBC}") = "Homemade.Run", "Homemade.Run\Homemade.Run.csproj", "{EB359DB6-FE39-43BA-B54E-5164048BE006}"
EndProject
Global
	GlobalSection(SolutionConfigurationPlatforms) = preSolution
		Debug|Any CPU = Debug|Any CPU
		Release|Any CPU = Release|Any CPU
	EndGlobalSection
	GlobalSection(ProjectConfigurationPlatforms) = postSolution
		{226F634C-F811-40D3-B9CC-5982AE3B98C8}.Debug|Any CPU.ActiveCfg = Debug|Any CPU
		{226F634C-F811-40D3-B9CC-5982AE3B98C8}.Debug|Any CPU.Build.0 = Debug|Any CPU
		{226F634C-F811-40D3-B9CC-5982AE3B98C8}.Release|Any CPU.ActiveCfg = Release|Any CPU
		{226F634C-F811-40D3-B9CC-5982AE3B98C8}.Release|Any CPU.Build.0 = Release|Any CPU
		{85770828-53A6-46D0-880A-5E917D6922FC}.Debug|Any CPU.ActiveCfg = Debug|Any CPU
		{85770828-53A6-46D0-880A-5E917D6922FC}.Debug|Any CPU.Build.0 = Debug|Any CPU
		{85770828-53A6-46D0-880A-5E917D6922FC}.Release|Any CPU.ActiveCfg = Release|Any CPU
		{85770828-53A6-46D0-880A-5E917D6922FC}.Release|Any CPU.Build.0 = Release|Any CPU
		{1242FD3C-C121-4B43-BF79-1758AEDC1702}.Debug|Any CPU.ActiveCfg = Debug|Any CPU
		{1242FD3C-C121-4B43-BF79-1758AEDC1702}.Debug|Any CPU.Build.0 = Debug|Any CPU
		{1242FD3C-C121-4B43-BF79-1758AEDC1702}.Release|Any CPU.ActiveCfg = Release|Any CPU
		{1242FD3C-C121-4B43-BF79-1758AEDC1702}.Release|Any CPU.Build.0 = Release|Any CPU
		{16C65953-4FCF-49BC-BCB0-C636B630CE5D}.Debug|Any CPU.ActiveCfg = Debug|Any CPU
		{16C65953-4FCF-49BC-BCB0-C636B630CE5D}.Debug|Any CPU.Build.0 = Debug|Any CPU
		{16C65953-4FCF-49BC-BCB0-C636B630CE5D}.Release|Any CPU.ActiveCfg = Release|Any CPU
		{16C65953-4FCF-49BC-BCB0-C636B630CE5D}.Release|Any CPU.Build.0 = Release|Any CPU
		{E9D736EE-101A-4787-ABA7-73015A028722}.Debug|Any CPU.ActiveCfg = Debug|Any CPU
		{E9D736EE-101A-4787-ABA7-73015A028722}.Debug|Any CPU.Build.0 = Debug|Any CPU
		{E9D736EE-101A-4787-ABA7-73015A028722}.Release|Any CPU.ActiveCfg = Release|Any CPU
		{E9D736EE-101A-4787-ABA7-73015A028722}.Release|Any CPU.Build.0 = Release|Any CPU
		{EB359DB6-FE39-43BA-B54E-5164048BE006}.Debug|Any CPU.ActiveCfg = Debug|Any CPU
		{EB359DB6-FE39-43BA-B54E-5164048BE006}.Debug|Any CPU.Build.0 = Debug|Any CPU
		{EB359DB6-FE39-43BA-B54E-5164048BE006}.Release|Any CPU.ActiveCfg = Release|Any CPU
		{EB359DB6-FE39-43BA-B54E-5164048BE006}.Release|Any CPU.Build.0 = Release|Any CPU
	EndGlobalSection
	GlobalSection(SolutionProperties) = preSolution
		HideSolutionNode = FALSE
	EndGlobalSection
EndGlobal
